
Microsoft Visual Studio Solution File, Format Version 11.00
# Visual Studio 2010
Project("{54435603-DBB4-11D2-8724-00A0C9A8B90C}") = "Phoenix Installer", "Phoenix Installer\Phoenix Installer.vdproj", "{EEA62579-6F1B-4CA0-A0E2-4501F5AE3F46}"
EndProject
Project("{F184B08F-C81C-45F6-A57F-5ABD9991F28F}") = "Phoenix System Profiler 2008", "Phoenix System Profiler\Phoenix System Profiler 2008.vbproj", "{0121AA83-B057-47B5-B978-E16493D25FB6}"
EndProject
Project("{F184B08F-C81C-45F6-A57F-5ABD9991F28F}") = "SMT.Multimedia.Resources", "..\..\..\Libraries\SMT.Multimedia.Resources\SMT.Multimedia.Resources.vbproj", "{922F7F84-9FF7-4329-BFA1-A823B2639206}"
EndProject
Project("{8BC9CEB8-8B4A-11D0-8D11-00A0C91BC942}") = "Keystone_Omni_2008", "..\..\..\Filters\Keystone_OMNI\Keystone_Omni_2008.vcxproj", "{8C4361DD-2215-415A-8472-813491B8E8F3}"
EndProject
Project("{8BC9CEB8-8B4A-11D0-8D11-00A0C91BC942}") = "AMTC_2008", "..\..\..\Filters\AMTC_2008\AMTC 2008.vcxproj", "{00B4ED48-6654-4B93-8991-4288414B5B28}"
EndProject
Project("{8BC9CEB8-8B4A-11D0-8D11-00A0C91BC942}") = "L21G 2008", "..\..\..\Filters\L21G 2008\L21G 2008.vcxproj", "{9C70B4FA-2A9C-4416-8561-59FB560366FD}"
EndProject
Project("{8BC9CEB8-8B4A-11D0-8D11-00A0C91BC942}") = "AudioSource 2008", "..\..\..\Filters\AudioSource 2008\AudioSource 2008.vcxproj", "{30D48874-899F-41C6-9B26-A40C96C91102}"
EndProject
Project("{8BC9CEB8-8B4A-11D0-8D11-00A0C91BC942}") = "DirectShow BaseClasses 2008", "..\..\..\Filters\DirectShow BaseClasses 2008\DirectShow BaseClasses 2008.vcxproj", "{E8A3F6FA-AE1C-4C8E-A0B6-9C8480324EAA}"
EndProject
Project("{8BC9CEB8-8B4A-11D0-8D11-00A0C91BC942}") = "NullVideoSource SD 2008", "..\..\..\Filters\NullVideoSource SD 2008\NullVideoSource SD 2008.vcxproj", "{549045C6-5BE4-429A-A016-DE4C898B240B}"
EndProject
Project("{F184B08F-C81C-45F6-A57F-5ABD9991F28F}") = "DVD_VIDEO_NavCommandParser", "..\..\UtilityApps\DVD_VIDEO_NavCommandParser\DVD_VIDEO_NavCommandParser.vbproj", "{AED2F7EC-E66C-4DBB-B44C-45495CC1AC61}"
EndProject
Project("{F184B08F-C81C-45F6-A57F-5ABD9991F28F}") = "DVD_VIDEO_VobParsing", "..\..\UtilityApps\DVD_VIDEO_VobParsing\DVD_VIDEO_VobParsing.vbproj", "{0033124D-449E-4988-9208-60E9CB46265D}"
EndProject
Project("{F184B08F-C81C-45F6-A57F-5ABD9991F28F}") = "Phoenix 3.2 2008", "Phoenix 3.2\Phoenix 3.2 2008.vbproj", "{B29F8B99-B83C-4FF2-85C1-EC7AEE7C4DE3}"
EndProject
Project("{F184B08F-C81C-45F6-A57F-5ABD9991F28F}") = "SMT.Common 2.0", "..\..\..\Libraries\SMT.Common\Common 2.0\SMT.Common 2.0.vbproj", "{B76A1EB3-41D7-4033-9815-741E6D95A924}"
EndProject
Project("{F184B08F-C81C-45F6-A57F-5ABD9991F28F}") = "SMT Dongle Utility", "..\..\Dongling\SMT Dongle Utility - NLF_UPW\SMT Dongle Utility.vbproj", "{AC189869-69E9-46D6-9C13-ED3C1A0AE32E}"
EndProject
Global
	GlobalSection(SolutionConfigurationPlatforms) = preSolution
		Debug|Any CPU = Debug|Any CPU
		Debug|Mixed Platforms = Debug|Mixed Platforms
		Debug|x86 = Debug|x86
		INSTALLER|Any CPU = INSTALLER|Any CPU
		INSTALLER|Mixed Platforms = INSTALLER|Mixed Platforms
		INSTALLER|x86 = INSTALLER|x86
		Release|Any CPU = Release|Any CPU
		Release|Mixed Platforms = Release|Mixed Platforms
		Release|x86 = Release|x86
	EndGlobalSection
	GlobalSection(ProjectConfigurationPlatforms) = postSolution
		{EEA62579-6F1B-4CA0-A0E2-4501F5AE3F46}.Debug|Any CPU.ActiveCfg = INSTALLER
		{EEA62579-6F1B-4CA0-A0E2-4501F5AE3F46}.Debug|Mixed Platforms.ActiveCfg = INSTALLER
		{EEA62579-6F1B-4CA0-A0E2-4501F5AE3F46}.Debug|Mixed Platforms.Build.0 = INSTALLER
		{EEA62579-6F1B-4CA0-A0E2-4501F5AE3F46}.Debug|x86.ActiveCfg = INSTALLER
		{EEA62579-6F1B-4CA0-A0E2-4501F5AE3F46}.INSTALLER|Any CPU.ActiveCfg = INSTALLER
		{EEA62579-6F1B-4CA0-A0E2-4501F5AE3F46}.INSTALLER|Any CPU.Build.0 = INSTALLER
		{EEA62579-6F1B-4CA0-A0E2-4501F5AE3F46}.INSTALLER|Mixed Platforms.ActiveCfg = INSTALLER
		{EEA62579-6F1B-4CA0-A0E2-4501F5AE3F46}.INSTALLER|Mixed Platforms.Build.0 = INSTALLER
		{EEA62579-6F1B-4CA0-A0E2-4501F5AE3F46}.INSTALLER|x86.ActiveCfg = INSTALLER
		{EEA62579-6F1B-4CA0-A0E2-4501F5AE3F46}.INSTALLER|x86.Build.0 = INSTALLER
		{EEA62579-6F1B-4CA0-A0E2-4501F5AE3F46}.Release|Any CPU.ActiveCfg = INSTALLER
		{EEA62579-6F1B-4CA0-A0E2-4501F5AE3F46}.Release|Mixed Platforms.ActiveCfg = INSTALLER
		{EEA62579-6F1B-4CA0-A0E2-4501F5AE3F46}.Release|Mixed Platforms.Build.0 = INSTALLER
		{EEA62579-6F1B-4CA0-A0E2-4501F5AE3F46}.Release|x86.ActiveCfg = INSTALLER
		{0121AA83-B057-47B5-B978-E16493D25FB6}.Debug|Any CPU.ActiveCfg = Debug|Any CPU
		{0121AA83-B057-47B5-B978-E16493D25FB6}.Debug|Any CPU.Build.0 = Debug|Any CPU
		{0121AA83-B057-47B5-B978-E16493D25FB6}.Debug|Mixed Platforms.ActiveCfg = Debug|x86
		{0121AA83-B057-47B5-B978-E16493D25FB6}.Debug|Mixed Platforms.Build.0 = Debug|x86
		{0121AA83-B057-47B5-B978-E16493D25FB6}.Debug|x86.ActiveCfg = Debug|x86
		{0121AA83-B057-47B5-B978-E16493D25FB6}.Debug|x86.Build.0 = Debug|x86
		{0121AA83-B057-47B5-B978-E16493D25FB6}.INSTALLER|Any CPU.ActiveCfg = Release|Any CPU
		{0121AA83-B057-47B5-B978-E16493D25FB6}.INSTALLER|Any CPU.Build.0 = Release|Any CPU
		{0121AA83-B057-47B5-B978-E16493D25FB6}.INSTALLER|Mixed Platforms.ActiveCfg = Release|x86
		{0121AA83-B057-47B5-B978-E16493D25FB6}.INSTALLER|Mixed Platforms.Build.0 = Release|x86
		{0121AA83-B057-47B5-B978-E16493D25FB6}.INSTALLER|x86.ActiveCfg = Release|x86
		{0121AA83-B057-47B5-B978-E16493D25FB6}.Release|Any CPU.ActiveCfg = Release|Any CPU
		{0121AA83-B057-47B5-B978-E16493D25FB6}.Release|Any CPU.Build.0 = Release|Any CPU
		{0121AA83-B057-47B5-B978-E16493D25FB6}.Release|Mixed Platforms.ActiveCfg = Release|x86
		{0121AA83-B057-47B5-B978-E16493D25FB6}.Release|Mixed Platforms.Build.0 = Release|x86
		{0121AA83-B057-47B5-B978-E16493D25FB6}.Release|x86.ActiveCfg = Release|x86
		{0121AA83-B057-47B5-B978-E16493D25FB6}.Release|x86.Build.0 = Release|x86
		{922F7F84-9FF7-4329-BFA1-A823B2639206}.Debug|Any CPU.ActiveCfg = Debug|Any CPU
		{922F7F84-9FF7-4329-BFA1-A823B2639206}.Debug|Any CPU.Build.0 = Debug|Any CPU
		{922F7F84-9FF7-4329-BFA1-A823B2639206}.Debug|Mixed Platforms.ActiveCfg = Debug|x86
		{922F7F84-9FF7-4329-BFA1-A823B2639206}.Debug|Mixed Platforms.Build.0 = Debug|x86
		{922F7F84-9FF7-4329-BFA1-A823B2639206}.Debug|x86.ActiveCfg = Debug|x86
		{922F7F84-9FF7-4329-BFA1-A823B2639206}.Debug|x86.Build.0 = Debug|x86
		{922F7F84-9FF7-4329-BFA1-A823B2639206}.INSTALLER|Any CPU.ActiveCfg = Release|Any CPU
		{922F7F84-9FF7-4329-BFA1-A823B2639206}.INSTALLER|Any CPU.Build.0 = Release|Any CPU
		{922F7F84-9FF7-4329-BFA1-A823B2639206}.INSTALLER|Mixed Platforms.ActiveCfg = Release|x86
		{922F7F84-9FF7-4329-BFA1-A823B2639206}.INSTALLER|Mixed Platforms.Build.0 = Release|x86
		{922F7F84-9FF7-4329-BFA1-A823B2639206}.INSTALLER|x86.ActiveCfg = Release|x86
		{922F7F84-9FF7-4329-BFA1-A823B2639206}.Release|Any CPU.ActiveCfg = Release|Any CPU
		{922F7F84-9FF7-4329-BFA1-A823B2639206}.Release|Any CPU.Build.0 = Release|Any CPU
		{922F7F84-9FF7-4329-BFA1-A823B2639206}.Release|Mixed Platforms.ActiveCfg = Release|x86
		{922F7F84-9FF7-4329-BFA1-A823B2639206}.Release|Mixed Platforms.Build.0 = Release|x86
		{922F7F84-9FF7-4329-BFA1-A823B2639206}.Release|x86.ActiveCfg = Release|x86
		{922F7F84-9FF7-4329-BFA1-A823B2639206}.Release|x86.Build.0 = Release|x86
		{8C4361DD-2215-415A-8472-813491B8E8F3}.Debug|Any CPU.ActiveCfg = Release|Win32
		{8C4361DD-2215-415A-8472-813491B8E8F3}.Debug|Any CPU.Build.0 = Release|Win32
		{8C4361DD-2215-415A-8472-813491B8E8F3}.Debug|Mixed Platforms.ActiveCfg = Debug|Win32
		{8C4361DD-2215-415A-8472-813491B8E8F3}.Debug|Mixed Platforms.Build.0 = Debug|Win32
		{8C4361DD-2215-415A-8472-813491B8E8F3}.Debug|x86.ActiveCfg = Debug|Win32
		{8C4361DD-2215-415A-8472-813491B8E8F3}.Debug|x86.Build.0 = Debug|Win32
		{8C4361DD-2215-415A-8472-813491B8E8F3}.INSTALLER|Any CPU.ActiveCfg = Debug|Win32
		{8C4361DD-2215-415A-8472-813491B8E8F3}.INSTALLER|Mixed Platforms.ActiveCfg = Release|Win32
		{8C4361DD-2215-415A-8472-813491B8E8F3}.INSTALLER|Mixed Platforms.Build.0 = Release|Win32
		{8C4361DD-2215-415A-8472-813491B8E8F3}.INSTALLER|x86.ActiveCfg = Release|Win32
		{8C4361DD-2215-415A-8472-813491B8E8F3}.Release|Any CPU.ActiveCfg = Release|Win32
		{8C4361DD-2215-415A-8472-813491B8E8F3}.Release|Any CPU.Build.0 = Release|Win32
		{8C4361DD-2215-415A-8472-813491B8E8F3}.Release|Mixed Platforms.ActiveCfg = Release|Win32
		{8C4361DD-2215-415A-8472-813491B8E8F3}.Release|Mixed Platforms.Build.0 = Release|Win32
		{8C4361DD-2215-415A-8472-813491B8E8F3}.Release|x86.ActiveCfg = Release|Win32
		{8C4361DD-2215-415A-8472-813491B8E8F3}.Release|x86.Build.0 = Release|Win32
		{00B4ED48-6654-4B93-8991-4288414B5B28}.Debug|Any CPU.ActiveCfg = Release|Win32
		{00B4ED48-6654-4B93-8991-4288414B5B28}.Debug|Any CPU.Build.0 = Release|Win32
		{00B4ED48-6654-4B93-8991-4288414B5B28}.Debug|Mixed Platforms.ActiveCfg = Debug|Win32
		{00B4ED48-6654-4B93-8991-4288414B5B28}.Debug|Mixed Platforms.Build.0 = Debug|Win32
		{00B4ED48-6654-4B93-8991-4288414B5B28}.Debug|x86.ActiveCfg = Release|Win32
		{00B4ED48-6654-4B93-8991-4288414B5B28}.Debug|x86.Build.0 = Release|Win32
		{00B4ED48-6654-4B93-8991-4288414B5B28}.INSTALLER|Any CPU.ActiveCfg = Release|Win32
		{00B4ED48-6654-4B93-8991-4288414B5B28}.INSTALLER|Mixed Platforms.ActiveCfg = Release|Win32
		{00B4ED48-6654-4B93-8991-4288414B5B28}.INSTALLER|Mixed Platforms.Build.0 = Release|Win32
		{00B4ED48-6654-4B93-8991-4288414B5B28}.INSTALLER|x86.ActiveCfg = Release|Win32
		{00B4ED48-6654-4B93-8991-4288414B5B28}.Release|Any CPU.ActiveCfg = Release|Win32
		{00B4ED48-6654-4B93-8991-4288414B5B28}.Release|Any CPU.Build.0 = Release|Win32
		{00B4ED48-6654-4B93-8991-4288414B5B28}.Release|Mixed Platforms.ActiveCfg = Release|Win32
		{00B4ED48-6654-4B93-8991-4288414B5B28}.Release|Mixed Platforms.Build.0 = Release|Win32
		{00B4ED48-6654-4B93-8991-4288414B5B28}.Release|x86.ActiveCfg = Release|Win32
		{00B4ED48-6654-4B93-8991-4288414B5B28}.Release|x86.Build.0 = Release|Win32
		{9C70B4FA-2A9C-4416-8561-59FB560366FD}.Debug|Any CPU.ActiveCfg = Release|Win32
		{9C70B4FA-2A9C-4416-8561-59FB560366FD}.Debug|Any CPU.Build.0 = Release|Win32
		{9C70B4FA-2A9C-4416-8561-59FB560366FD}.Debug|Mixed Platforms.ActiveCfg = Debug|Win32
		{9C70B4FA-2A9C-4416-8561-59FB560366FD}.Debug|Mixed Platforms.Build.0 = Debug|Win32
		{9C70B4FA-2A9C-4416-8561-59FB560366FD}.Debug|x86.ActiveCfg = Release|Win32
		{9C70B4FA-2A9C-4416-8561-59FB560366FD}.Debug|x86.Build.0 = Release|Win32
		{9C70B4FA-2A9C-4416-8561-59FB560366FD}.INSTALLER|Any CPU.ActiveCfg = Release|Win32
		{9C70B4FA-2A9C-4416-8561-59FB560366FD}.INSTALLER|Mixed Platforms.ActiveCfg = Release|Win32
		{9C70B4FA-2A9C-4416-8561-59FB560366FD}.INSTALLER|Mixed Platforms.Build.0 = Release|Win32
		{9C70B4FA-2A9C-4416-8561-59FB560366FD}.INSTALLER|x86.ActiveCfg = Release|Win32
		{9C70B4FA-2A9C-4416-8561-59FB560366FD}.Release|Any CPU.ActiveCfg = Release|Win32
		{9C70B4FA-2A9C-4416-8561-59FB560366FD}.Release|Any CPU.Build.0 = Release|Win32
		{9C70B4FA-2A9C-4416-8561-59FB560366FD}.Release|Mixed Platforms.ActiveCfg = Release|Win32
		{9C70B4FA-2A9C-4416-8561-59FB560366FD}.Release|Mixed Platforms.Build.0 = Release|Win32
		{9C70B4FA-2A9C-4416-8561-59FB560366FD}.Release|x86.ActiveCfg = Release|Win32
		{9C70B4FA-2A9C-4416-8561-59FB560366FD}.Release|x86.Build.0 = Release|Win32
		{30D48874-899F-41C6-9B26-A40C96C91102}.Debug|Any CPU.ActiveCfg = Release|Win32
		{30D48874-899F-41C6-9B26-A40C96C91102}.Debug|Any CPU.Build.0 = Release|Win32
		{30D48874-899F-41C6-9B26-A40C96C91102}.Debug|Mixed Platforms.ActiveCfg = Debug|Win32
		{30D48874-899F-41C6-9B26-A40C96C91102}.Debug|Mixed Platforms.Build.0 = Debug|Win32
		{30D48874-899F-41C6-9B26-A40C96C91102}.Debug|x86.ActiveCfg = Release|Win32
		{30D48874-899F-41C6-9B26-A40C96C91102}.Debug|x86.Build.0 = Release|Win32
		{30D48874-899F-41C6-9B26-A40C96C91102}.INSTALLER|Any CPU.ActiveCfg = Release|Win32
		{30D48874-899F-41C6-9B26-A40C96C91102}.INSTALLER|Mixed Platforms.ActiveCfg = Release|Win32
		{30D48874-899F-41C6-9B26-A40C96C91102}.INSTALLER|Mixed Platforms.Build.0 = Release|Win32
		{30D48874-899F-41C6-9B26-A40C96C91102}.INSTALLER|x86.ActiveCfg = Release|Win32
		{30D48874-899F-41C6-9B26-A40C96C91102}.Release|Any CPU.ActiveCfg = Release|Win32
		{30D48874-899F-41C6-9B26-A40C96C91102}.Release|Any CPU.Build.0 = Release|Win32
		{30D48874-899F-41C6-9B26-A40C96C91102}.Release|Mixed Platforms.ActiveCfg = Release|Win32
		{30D48874-899F-41C6-9B26-A40C96C91102}.Release|Mixed Platforms.Build.0 = Release|Win32
		{30D48874-899F-41C6-9B26-A40C96C91102}.Release|x86.ActiveCfg = Release|Win32
		{30D48874-899F-41C6-9B26-A40C96C91102}.Release|x86.Build.0 = Release|Win32
		{E8A3F6FA-AE1C-4C8E-A0B6-9C8480324EAA}.Debug|Any CPU.ActiveCfg = Debug|Win32
		{E8A3F6FA-AE1C-4C8E-A0B6-9C8480324EAA}.Debug|Any CPU.Build.0 = Debug|Win32
		{E8A3F6FA-AE1C-4C8E-A0B6-9C8480324EAA}.Debug|Mixed Platforms.ActiveCfg = Debug|x64
		{E8A3F6FA-AE1C-4C8E-A0B6-9C8480324EAA}.Debug|Mixed Platforms.Build.0 = Debug|x64
		{E8A3F6FA-AE1C-4C8E-A0B6-9C8480324EAA}.Debug|x86.ActiveCfg = Release|Win32
		{E8A3F6FA-AE1C-4C8E-A0B6-9C8480324EAA}.Debug|x86.Build.0 = Release|Win32
		{E8A3F6FA-AE1C-4C8E-A0B6-9C8480324EAA}.INSTALLER|Any CPU.ActiveCfg = Release|x64
		{E8A3F6FA-AE1C-4C8E-A0B6-9C8480324EAA}.INSTALLER|Mixed Platforms.ActiveCfg = Release|x64
		{E8A3F6FA-AE1C-4C8E-A0B6-9C8480324EAA}.INSTALLER|Mixed Platforms.Build.0 = Release|x64
		{E8A3F6FA-AE1C-4C8E-A0B6-9C8480324EAA}.INSTALLER|x86.ActiveCfg = Release|Win32
		{E8A3F6FA-AE1C-4C8E-A0B6-9C8480324EAA}.Release|Any CPU.ActiveCfg = Release|Win32
		{E8A3F6FA-AE1C-4C8E-A0B6-9C8480324EAA}.Release|Any CPU.Build.0 = Release|Win32
		{E8A3F6FA-AE1C-4C8E-A0B6-9C8480324EAA}.Release|Mixed Platforms.ActiveCfg = Release|x64
		{E8A3F6FA-AE1C-4C8E-A0B6-9C8480324EAA}.Release|Mixed Platforms.Build.0 = Release|x64
		{E8A3F6FA-AE1C-4C8E-A0B6-9C8480324EAA}.Release|x86.ActiveCfg = Release|Win32
		{E8A3F6FA-AE1C-4C8E-A0B6-9C8480324EAA}.Release|x86.Build.0 = Release|Win32
		{549045C6-5BE4-429A-A016-DE4C898B240B}.Debug|Any CPU.ActiveCfg = Release|Win32
		{549045C6-5BE4-429A-A016-DE4C898B240B}.Debug|Any CPU.Build.0 = Release|Win32
		{549045C6-5BE4-429A-A016-DE4C898B240B}.Debug|Mixed Platforms.ActiveCfg = Debug|Win32
		{549045C6-5BE4-429A-A016-DE4C898B240B}.Debug|Mixed Platforms.Build.0 = Debug|Win32
		{549045C6-5BE4-429A-A016-DE4C898B240B}.Debug|x86.ActiveCfg = Release|Win32
		{549045C6-5BE4-429A-A016-DE4C898B240B}.Debug|x86.Build.0 = Release|Win32
		{549045C6-5BE4-429A-A016-DE4C898B240B}.INSTALLER|Any CPU.ActiveCfg = Debug|Win32
		{549045C6-5BE4-429A-A016-DE4C898B240B}.INSTALLER|Mixed Platforms.ActiveCfg = Debug|Win32
		{549045C6-5BE4-429A-A016-DE4C898B240B}.INSTALLER|Mixed Platforms.Build.0 = Debug|Win32
		{549045C6-5BE4-429A-A016-DE4C898B240B}.INSTALLER|x86.ActiveCfg = Release|Win32
		{549045C6-5BE4-429A-A016-DE4C898B240B}.Release|Any CPU.ActiveCfg = Release|Win32
		{549045C6-5BE4-429A-A016-DE4C898B240B}.Release|Any CPU.Build.0 = Release|Win32
		{549045C6-5BE4-429A-A016-DE4C898B240B}.Release|Mixed Platforms.ActiveCfg = Release|Win32
		{549045C6-5BE4-429A-A016-DE4C898B240B}.Release|Mixed Platforms.Build.0 = Release|Win32
		{549045C6-5BE4-429A-A016-DE4C898B240B}.Release|x86.ActiveCfg = Release|Win32
		{549045C6-5BE4-429A-A016-DE4C898B240B}.Release|x86.Build.0 = Release|Win32
		{AED2F7EC-E66C-4DBB-B44C-45495CC1AC61}.Debug|Any CPU.ActiveCfg = Debug|Any CPU
		{AED2F7EC-E66C-4DBB-B44C-45495CC1AC61}.Debug|Any CPU.Build.0 = Debug|Any CPU
		{AED2F7EC-E66C-4DBB-B44C-45495CC1AC61}.Debug|Mixed Platforms.ActiveCfg = Debug|x86
		{AED2F7EC-E66C-4DBB-B44C-45495CC1AC61}.Debug|Mixed Platforms.Build.0 = Debug|x86
		{AED2F7EC-E66C-4DBB-B44C-45495CC1AC61}.Debug|x86.ActiveCfg = Debug|x86
		{AED2F7EC-E66C-4DBB-B44C-45495CC1AC61}.Debug|x86.Build.0 = Debug|x86
		{AED2F7EC-E66C-4DBB-B44C-45495CC1AC61}.INSTALLER|Any CPU.ActiveCfg = Release|Any CPU
		{AED2F7EC-E66C-4DBB-B44C-45495CC1AC61}.INSTALLER|Any CPU.Build.0 = Release|Any CPU
		{AED2F7EC-E66C-4DBB-B44C-45495CC1AC61}.INSTALLER|Mixed Platforms.ActiveCfg = Release|x86
		{AED2F7EC-E66C-4DBB-B44C-45495CC1AC61}.INSTALLER|Mixed Platforms.Build.0 = Release|x86
		{AED2F7EC-E66C-4DBB-B44C-45495CC1AC61}.INSTALLER|x86.ActiveCfg = Release|x86
		{AED2F7EC-E66C-4DBB-B44C-45495CC1AC61}.Release|Any CPU.ActiveCfg = Release|Any CPU
		{AED2F7EC-E66C-4DBB-B44C-45495CC1AC61}.Release|Any CPU.Build.0 = Release|Any CPU
		{AED2F7EC-E66C-4DBB-B44C-45495CC1AC61}.Release|Mixed Platforms.ActiveCfg = Release|x86
		{AED2F7EC-E66C-4DBB-B44C-45495CC1AC61}.Release|Mixed Platforms.Build.0 = Release|x86
		{AED2F7EC-E66C-4DBB-B44C-45495CC1AC61}.Release|x86.ActiveCfg = Release|x86
		{AED2F7EC-E66C-4DBB-B44C-45495CC1AC61}.Release|x86.Build.0 = Release|x86
		{0033124D-449E-4988-9208-60E9CB46265D}.Debug|Any CPU.ActiveCfg = Debug|Any CPU
		{0033124D-449E-4988-9208-60E9CB46265D}.Debug|Any CPU.Build.0 = Debug|Any CPU
		{0033124D-449E-4988-9208-60E9CB46265D}.Debug|Mixed Platforms.ActiveCfg = Debug|x86
		{0033124D-449E-4988-9208-60E9CB46265D}.Debug|Mixed Platforms.Build.0 = Debug|x86
		{0033124D-449E-4988-9208-60E9CB46265D}.Debug|x86.ActiveCfg = Debug|x86
		{0033124D-449E-4988-9208-60E9CB46265D}.Debug|x86.Build.0 = Debug|x86
		{0033124D-449E-4988-9208-60E9CB46265D}.INSTALLER|Any CPU.ActiveCfg = Release|Any CPU
		{0033124D-449E-4988-9208-60E9CB46265D}.INSTALLER|Any CPU.Build.0 = Release|Any CPU
		{0033124D-449E-4988-9208-60E9CB46265D}.INSTALLER|Mixed Platforms.ActiveCfg = Release|x86
		{0033124D-449E-4988-9208-60E9CB46265D}.INSTALLER|Mixed Platforms.Build.0 = Release|x86
		{0033124D-449E-4988-9208-60E9CB46265D}.INSTALLER|x86.ActiveCfg = Release|x86
		{0033124D-449E-4988-9208-60E9CB46265D}.Release|Any CPU.ActiveCfg = Release|Any CPU
		{0033124D-449E-4988-9208-60E9CB46265D}.Release|Any CPU.Build.0 = Release|Any CPU
		{0033124D-449E-4988-9208-60E9CB46265D}.Release|Mixed Platforms.ActiveCfg = Release|x86
		{0033124D-449E-4988-9208-60E9CB46265D}.Release|Mixed Platforms.Build.0 = Release|x86
		{0033124D-449E-4988-9208-60E9CB46265D}.Release|x86.ActiveCfg = Release|x86
		{0033124D-449E-4988-9208-60E9CB46265D}.Release|x86.Build.0 = Release|x86
		{B29F8B99-B83C-4FF2-85C1-EC7AEE7C4DE3}.Debug|Any CPU.ActiveCfg = Debug|Any CPU
		{B29F8B99-B83C-4FF2-85C1-EC7AEE7C4DE3}.Debug|Any CPU.Build.0 = Debug|Any CPU
		{B29F8B99-B83C-4FF2-85C1-EC7AEE7C4DE3}.Debug|Mixed Platforms.ActiveCfg = Debug|x86
		{B29F8B99-B83C-4FF2-85C1-EC7AEE7C4DE3}.Debug|Mixed Platforms.Build.0 = Debug|x86
		{B29F8B99-B83C-4FF2-85C1-EC7AEE7C4DE3}.Debug|x86.ActiveCfg = Debug|x86
		{B29F8B99-B83C-4FF2-85C1-EC7AEE7C4DE3}.Debug|x86.Build.0 = Debug|x86
		{B29F8B99-B83C-4FF2-85C1-EC7AEE7C4DE3}.INSTALLER|Any CPU.ActiveCfg = Release|Any CPU
		{B29F8B99-B83C-4FF2-85C1-EC7AEE7C4DE3}.INSTALLER|Any CPU.Build.0 = Release|Any CPU
		{B29F8B99-B83C-4FF2-85C1-EC7AEE7C4DE3}.INSTALLER|Mixed Platforms.ActiveCfg = Release|x86
		{B29F8B99-B83C-4FF2-85C1-EC7AEE7C4DE3}.INSTALLER|Mixed Platforms.Build.0 = Release|x86
		{B29F8B99-B83C-4FF2-85C1-EC7AEE7C4DE3}.INSTALLER|x86.ActiveCfg = Release|x86
		{B29F8B99-B83C-4FF2-85C1-EC7AEE7C4DE3}.Release|Any CPU.ActiveCfg = Release|Any CPU
		{B29F8B99-B83C-4FF2-85C1-EC7AEE7C4DE3}.Release|Any CPU.Build.0 = Release|Any CPU
		{B29F8B99-B83C-4FF2-85C1-EC7AEE7C4DE3}.Release|Mixed Platforms.ActiveCfg = Release|x86
		{B29F8B99-B83C-4FF2-85C1-EC7AEE7C4DE3}.Release|x86.ActiveCfg = Release|x86
		{B29F8B99-B83C-4FF2-85C1-EC7AEE7C4DE3}.Release|x86.Build.0 = Release|x86
		{B76A1EB3-41D7-4033-9815-741E6D95A924}.Debug|Any CPU.ActiveCfg = Debug|Any CPU
		{B76A1EB3-41D7-4033-9815-741E6D95A924}.Debug|Any CPU.Build.0 = Debug|Any CPU
		{B76A1EB3-41D7-4033-9815-741E6D95A924}.Debug|Mixed Platforms.ActiveCfg = Debug|x86
		{B76A1EB3-41D7-4033-9815-741E6D95A924}.Debug|Mixed Platforms.Build.0 = Debug|x86
		{B76A1EB3-41D7-4033-9815-741E6D95A924}.Debug|x86.ActiveCfg = Debug|x86
		{B76A1EB3-41D7-4033-9815-741E6D95A924}.Debug|x86.Build.0 = Debug|x86
		{B76A1EB3-41D7-4033-9815-741E6D95A924}.INSTALLER|Any CPU.ActiveCfg = Release|Any CPU
		{B76A1EB3-41D7-4033-9815-741E6D95A924}.INSTALLER|Any CPU.Build.0 = Release|Any CPU
		{B76A1EB3-41D7-4033-9815-741E6D95A924}.INSTALLER|Mixed Platforms.ActiveCfg = Release|x86
		{B76A1EB3-41D7-4033-9815-741E6D95A924}.INSTALLER|Mixed Platforms.Build.0 = Release|x86
		{B76A1EB3-41D7-4033-9815-741E6D95A924}.INSTALLER|x86.ActiveCfg = Release|x86
		{B76A1EB3-41D7-4033-9815-741E6D95A924}.Release|Any CPU.ActiveCfg = Release|Any CPU
		{B76A1EB3-41D7-4033-9815-741E6D95A924}.Release|Any CPU.Build.0 = Release|Any CPU
		{B76A1EB3-41D7-4033-9815-741E6D95A924}.Release|Mixed Platforms.ActiveCfg = Release|x86
		{B76A1EB3-41D7-4033-9815-741E6D95A924}.Release|Mixed Platforms.Build.0 = Release|x86
		{B76A1EB3-41D7-4033-9815-741E6D95A924}.Release|x86.ActiveCfg = Release|x86
		{B76A1EB3-41D7-4033-9815-741E6D95A924}.Release|x86.Build.0 = Release|x86
		{AC189869-69E9-46D6-9C13-ED3C1A0AE32E}.Debug|Any CPU.ActiveCfg = Debug|Any CPU
		{AC189869-69E9-46D6-9C13-ED3C1A0AE32E}.Debug|Any CPU.Build.0 = Debug|Any CPU
		{AC189869-69E9-46D6-9C13-ED3C1A0AE32E}.Debug|Mixed Platforms.ActiveCfg = Debug|x86
		{AC189869-69E9-46D6-9C13-ED3C1A0AE32E}.Debug|Mixed Platforms.Build.0 = Debug|x86
		{AC189869-69E9-46D6-9C13-ED3C1A0AE32E}.Debug|x86.ActiveCfg = Debug|x86
		{AC189869-69E9-46D6-9C13-ED3C1A0AE32E}.Debug|x86.Build.0 = Debug|x86
		{AC189869-69E9-46D6-9C13-ED3C1A0AE32E}.INSTALLER|Any CPU.ActiveCfg = Release|Any CPU
		{AC189869-69E9-46D6-9C13-ED3C1A0AE32E}.INSTALLER|Any CPU.Build.0 = Release|Any CPU
		{AC189869-69E9-46D6-9C13-ED3C1A0AE32E}.INSTALLER|Mixed Platforms.ActiveCfg = Release|x86
		{AC189869-69E9-46D6-9C13-ED3C1A0AE32E}.INSTALLER|Mixed Platforms.Build.0 = Release|x86
		{AC189869-69E9-46D6-9C13-ED3C1A0AE32E}.INSTALLER|x86.ActiveCfg = Release|x86
		{AC189869-69E9-46D6-9C13-ED3C1A0AE32E}.Release|Any CPU.ActiveCfg = Release|Any CPU
		{AC189869-69E9-46D6-9C13-ED3C1A0AE32E}.Release|Any CPU.Build.0 = Release|Any CPU
		{AC189869-69E9-46D6-9C13-ED3C1A0AE32E}.Release|Mixed Platforms.ActiveCfg = Release|x86
		{AC189869-69E9-46D6-9C13-ED3C1A0AE32E}.Release|Mixed Platforms.Build.0 = Release|x86
		{AC189869-69E9-46D6-9C13-ED3C1A0AE32E}.Release|x86.ActiveCfg = Release|x86
		{AC189869-69E9-46D6-9C13-ED3C1A0AE32E}.Release|x86.Build.0 = Release|x86
	EndGlobalSection
	GlobalSection(SolutionProperties) = preSolution
		HideSolutionNode = FALSE
	EndGlobalSection
EndGlobal
